
Microsoft Visual Studio Solution File, Format Version 12.00
# Visual Studio 15
VisualStudioVersion = 15.0.28307.329
MinimumVisualStudioVersion = 10.0.40219.1
Project("{FAE04EC0-301F-11D3-BF4B-00C04F79EFBC}") = "FO2Utils.Shell", "FO2Utils.Shell\FO2Utils.Shell.csproj", "{ABA9BEE7-C7D1-4078-9762-2F08FEBA6B06}"
EndProject
Project("{FAE04EC0-301F-11D3-BF4B-00C04F79EFBC}") = "FO2Utils.Lib", "FO2Utils.Lib\FO2Utils.Lib.csproj", "{477DBF7B-5BD3-4AE8-9F82-4B307B5E3431}"
EndProject
Global
	GlobalSection(SolutionConfigurationPlatforms) = preSolution
		Debug|Any CPU = Debug|Any CPU
		Release|Any CPU = Release|Any CPU
	EndGlobalSection
	GlobalSection(ProjectConfigurationPlatforms) = postSolution
		{ABA9BEE7-C7D1-4078-9762-2F08FEBA6B06}.Debug|Any CPU.ActiveCfg = Debug|Any CPU
		{ABA9BEE7-C7D1-4078-9762-2F08FEBA6B06}.Debug|Any CPU.Build.0 = Debug|Any CPU
		{ABA9BEE7-C7D1-4078-9762-2F08FEBA6B06}.Release|Any CPU.ActiveCfg = Release|Any CPU
		{ABA9BEE7-C7D1-4078-9762-2F08FEBA6B06}.Release|Any CPU.Build.0 = Release|Any CPU
		{477DBF7B-5BD3-4AE8-9F82-4B307B5E3431}.Debug|Any CPU.ActiveCfg = Debug|Any CPU
		{477DBF7B-5BD3-4AE8-9F82-4B307B5E3431}.Debug|Any CPU.Build.0 = Debug|Any CPU
		{477DBF7B-5BD3-4AE8-9F82-4B307B5E3431}.Release|Any CPU.ActiveCfg = Release|Any CPU
		{477DBF7B-5BD3-4AE8-9F82-4B307B5E3431}.Release|Any CPU.Build.0 = Release|Any CPU
	EndGlobalSection
	GlobalSection(SolutionProperties) = preSolution
		HideSolutionNode = FALSE
	EndGlobalSection
	GlobalSection(ExtensibilityGlobals) = postSolution
		SolutionGuid = {9AC21360-5388-4D8B-B989-74B4319F1B55}
	EndGlobalSection
EndGlobal
